#MicroXplorer Configuration settings - do not modify
CAD.formats=
CAD.pinconfig=
CAD.provider=
CORTEX_M7.AccessPermission_S-Cortex_Memory_Protection_Unit_Region1_Settings_S=MPU_REGION_FULL_ACCESS
CORTEX_M7.AccessPermission_Spec=MPU_REGION_FULL_ACCESS
CORTEX_M7.BaseAddress_S-Cortex_Memory_Protection_Unit_Region1_Settings_S=0xC0000000
CORTEX_M7.BaseAddress_Spec=0x24000000
CORTEX_M7.CPU_DCache=Enabled
CORTEX_M7.CPU_ICache=Enabled
CORTEX_M7.DisableExec_Spec=MPU_INSTRUCTION_ACCESS_ENABLE
CORTEX_M7.Enable_S-Cortex_Memory_Protection_Unit_Region1_Settings_S=MPU_REGION_ENABLE
CORTEX_M7.Enable_Spec=MPU_REGION_ENABLE
CORTEX_M7.IPParameters=default_mode_Activation,CPU_ICache,CPU_DCache,MPU_Control,BaseAddress_Spec,Size_Spec,SubRegionDisable_Spec,TypeExtField_Spec,AccessPermission_Spec,DisableExec_Spec,IsCacheable_Spec,IsBufferable_Spec,IsShareable_Spec,Enable_Spec,Enable_S-Cortex_Memory_Protection_Unit_Region1_Settings_S,BaseAddress_S-Cortex_Memory_Protection_Unit_Region1_Settings_S,Size_S-Cortex_Memory_Protection_Unit_Region1_Settings_S,IsCacheable_S-Cortex_Memory_Protection_Unit_Region1_Settings_S,IsBufferable_S-Cortex_Memory_Protection_Unit_Region1_Settings_S,AccessPermission_S-Cortex_Memory_Protection_Unit_Region1_Settings_S
CORTEX_M7.IsBufferable_S-Cortex_Memory_Protection_Unit_Region1_Settings_S=MPU_ACCESS_BUFFERABLE
CORTEX_M7.IsBufferable_Spec=MPU_ACCESS_NOT_BUFFERABLE
CORTEX_M7.IsCacheable_S-Cortex_Memory_Protection_Unit_Region1_Settings_S=MPU_ACCESS_CACHEABLE
CORTEX_M7.IsCacheable_Spec=MPU_ACCESS_NOT_CACHEABLE
CORTEX_M7.IsShareable_Spec=MPU_ACCESS_NOT_SHAREABLE
CORTEX_M7.MPU_Control=MPU_PRIVILEGED_DEFAULT
CORTEX_M7.Size_S-Cortex_Memory_Protection_Unit_Region1_Settings_S=MPU_REGION_SIZE_32MB
CORTEX_M7.Size_Spec=MPU_REGION_SIZE_512KB
CORTEX_M7.SubRegionDisable_Spec=0x0
CORTEX_M7.TypeExtField_Spec=MPU_TEX_LEVEL1
CORTEX_M7.default_mode_Activation=1
DMA2D.ColorMode=DMA2D_OUTPUT_RGB565
DMA2D.IPParameters=ColorMode
Dma.Request0=USART6_RX
Dma.RequestsNb=1
Dma.USART6_RX.0.Direction=DMA_PERIPH_TO_MEMORY
Dma.USART6_RX.0.EventEnable=DISABLE
Dma.USART6_RX.0.FIFOMode=DMA_FIFOMODE_DISABLE
Dma.USART6_RX.0.Instance=DMA1_Stream0
Dma.USART6_RX.0.MemDataAlignment=DMA_MDATAALIGN_BYTE
Dma.USART6_RX.0.MemInc=DMA_MINC_ENABLE
Dma.USART6_RX.0.Mode=DMA_NORMAL
Dma.USART6_RX.0.PeriphDataAlignment=DMA_PDATAALIGN_BYTE
Dma.USART6_RX.0.PeriphInc=DMA_PINC_DISABLE
Dma.USART6_RX.0.Polarity=HAL_DMAMUX_REQ_GEN_RISING
Dma.USART6_RX.0.Priority=DMA_PRIORITY_LOW
Dma.USART6_RX.0.RequestNumber=1
Dma.USART6_RX.0.RequestParameters=Instance,Direction,PeriphInc,MemInc,PeriphDataAlignment,MemDataAlignment,Mode,Priority,FIFOMode,SignalID,Polarity,RequestNumber,SyncSignalID,SyncPolarity,SyncEnable,EventEnable,SyncRequestNumber
Dma.USART6_RX.0.SignalID=NONE
Dma.USART6_RX.0.SyncEnable=DISABLE
Dma.USART6_RX.0.SyncPolarity=HAL_DMAMUX_SYNC_NO_EVENT
Dma.USART6_RX.0.SyncRequestNumber=1
Dma.USART6_RX.0.SyncSignalID=NONE
FDCAN1.AutoRetransmission=ENABLE
FDCAN1.CalculateBaudRateNominal=500000
FDCAN1.CalculateTimeBitNominal=2000
FDCAN1.CalculateTimeQuantumNominal=200.0
FDCAN1.DataPrescaler=12
FDCAN1.DataSyncJumpWidth=2
FDCAN1.DataTimeSeg1=7
FDCAN1.DataTimeSeg2=2
FDCAN1.IPParameters=CalculateTimeQuantumNominal,CalculateTimeBitNominal,CalculateBaudRateNominal,AutoRetransmission,ProtocolException,NominalSyncJumpWidth,DataPrescaler,DataSyncJumpWidth,DataTimeSeg1,DataTimeSeg2,RxFifo0ElmtsNbr,TxFifoQueueElmtsNbr,NominalPrescaler,NominalTimeSeg1,StdFiltersNbr
FDCAN1.NominalPrescaler=5
FDCAN1.NominalSyncJumpWidth=2
FDCAN1.NominalTimeSeg1=7
FDCAN1.ProtocolException=ENABLE
FDCAN1.RxFifo0ElmtsNbr=32
FDCAN1.StdFiltersNbr=1
FDCAN1.TxFifoQueueElmtsNbr=16
FMC.CASLatency1=FMC_SDRAM_CAS_LATENCY_3
FMC.ColumnBitsNumber1=FMC_SDRAM_COLUMN_BITS_NUM_9
FMC.ExitSelfRefreshDelay1=7
FMC.IPParameters=ColumnBitsNumber1,CASLatency1,SDClockPeriod1,SDClockPeriod2,ReadBurst1,ReadBurst2,LoadToActiveDelay1,ExitSelfRefreshDelay1,SelfRefreshTime1,RowCycleDelay1,RowCycleDelay2,WriteRecoveryTime1,RPDelay1,RPDelay2,RCDDelay1
FMC.LoadToActiveDelay1=2
FMC.RCDDelay1=2
FMC.RPDelay1=2
FMC.RPDelay2=2
FMC.ReadBurst1=FMC_SDRAM_RBURST_ENABLE
FMC.ReadBurst2=FMC_SDRAM_RBURST_ENABLE
FMC.RowCycleDelay1=7
FMC.RowCycleDelay2=7
FMC.SDClockPeriod1=FMC_SDRAM_CLOCK_PERIOD_2
FMC.SDClockPeriod2=FMC_SDRAM_CLOCK_PERIOD_2
FMC.SelfRefreshTime1=4
FMC.WriteRecoveryTime1=3
FREERTOS.IPParameters=Tasks01,configENABLE_FPU,configUSE_TIMERS
FREERTOS.Tasks01=defaultTask,0,128,StartDefaultTask,Default,NULL,Dynamic,NULL,NULL
FREERTOS.configENABLE_FPU=1
FREERTOS.configUSE_TIMERS=1
File.Version=6
GPIO.groupedBy=Group By Peripherals
KeepUserPlacement=false
LTDC.ActiveW=800
LTDC.Alpha_L0=255
LTDC.FBStartAdress_L0=0xC0000000
LTDC.HBP=80
LTDC.HFP=200
LTDC.HSync=1
LTDC.IPParameters=Layers,WindowX1_L0,WindowY1_L0,PixelFormat_L0,Alpha_L0,FBStartAdress_L0,ImageWidth_L0,ImageHeight_L0,HSync,HBP,ActiveW,HFP,VSync,VBP,VFP
LTDC.ImageHeight_L0=480
LTDC.ImageWidth_L0=800
LTDC.Layers=0
LTDC.PixelFormat_L0=LTDC_PIXEL_FORMAT_RGB565
LTDC.VBP=40
LTDC.VFP=22
LTDC.VSync=1
LTDC.WindowX1_L0=800
LTDC.WindowY1_L0=480
MMTAppReg1.MEMORYMAP.AppRegionName=DTCMRAM
MMTAppReg1.MEMORYMAP.ContextName=Cortex-M7NS
MMTAppReg1.MEMORYMAP.CoreName=ARM Cortex-M7
MMTAppReg1.MEMORYMAP.IPParameters=StartAddress,Size,CoreName,ContextName,Name
MMTAppReg1.MEMORYMAP.Name=DTCMRAM
MMTAppReg1.MEMORYMAP.Size=131072
MMTAppReg1.MEMORYMAP.StartAddress=0x20000000
MMTAppReg2.MEMORYMAP.AppRegionName=RAM
MMTAppReg2.MEMORYMAP.Cacheability=NonCacheable
MMTAppReg2.MEMORYMAP.ContextName=Cortex-M7NS
MMTAppReg2.MEMORYMAP.CoreName=ARM Cortex-M7
MMTAppReg2.MEMORYMAP.DefaultDataRegion=true
MMTAppReg2.MEMORYMAP.IPParameters=StartAddress,Size,CoreName,ContextName,Name,DefaultDataRegion,Cacheability
MMTAppReg2.MEMORYMAP.Name=RAM
MMTAppReg2.MEMORYMAP.Size=524288
MMTAppReg2.MEMORYMAP.StartAddress=0x24000000
MMTAppReg3.MEMORYMAP.AppRegionName=RAM_D2
MMTAppReg3.MEMORYMAP.ContextName=Cortex-M7NS
MMTAppReg3.MEMORYMAP.CoreName=ARM Cortex-M7
MMTAppReg3.MEMORYMAP.IPParameters=StartAddress,Size,CoreName,ContextName,Name
MMTAppReg3.MEMORYMAP.Name=RAM_D2
MMTAppReg3.MEMORYMAP.Size=294912
MMTAppReg3.MEMORYMAP.StartAddress=0x30000000
MMTAppReg4.MEMORYMAP.AppRegionName=RAM_D3
MMTAppReg4.MEMORYMAP.ContextName=Cortex-M7NS
MMTAppReg4.MEMORYMAP.CoreName=ARM Cortex-M7
MMTAppReg4.MEMORYMAP.IPParameters=StartAddress,Size,CoreName,ContextName,Name
MMTAppReg4.MEMORYMAP.Name=RAM_D3
MMTAppReg4.MEMORYMAP.Size=65536
MMTAppReg4.MEMORYMAP.StartAddress=0x38000000
MMTAppReg5.MEMORYMAP.AppRegionName=ITCMRAM
MMTAppReg5.MEMORYMAP.Cacheability=WTRA
MMTAppReg5.MEMORYMAP.ContextName=Cortex-M7NS
MMTAppReg5.MEMORYMAP.CoreName=ARM Cortex-M7
MMTAppReg5.MEMORYMAP.IPParameters=StartAddress,Size,CoreName,ContextName,Name,Cacheability
MMTAppReg5.MEMORYMAP.Name=ITCMRAM
MMTAppReg5.MEMORYMAP.Size=65536
MMTAppReg5.MEMORYMAP.StartAddress=0x00000000
MMTAppReg6.MEMORYMAP.AP=RO_priv_only
MMTAppReg6.MEMORYMAP.AppRegionName=FLASH
MMTAppReg6.MEMORYMAP.Cacheability=WTRA
MMTAppReg6.MEMORYMAP.ContextName=Cortex-M7NS
MMTAppReg6.MEMORYMAP.CoreName=ARM Cortex-M7
MMTAppReg6.MEMORYMAP.DefaultCodeRegion=true
MMTAppReg6.MEMORYMAP.IPParameters=StartAddress,Size,CoreName,MemType,ContextName,Name,AP,Cacheability,DefaultCodeRegion,ISRRegion,RootBootRegion
MMTAppReg6.MEMORYMAP.ISRRegion=true
MMTAppReg6.MEMORYMAP.MemType=ROM
MMTAppReg6.MEMORYMAP.Name=FLASH
MMTAppReg6.MEMORYMAP.RootBootRegion=true
MMTAppReg6.MEMORYMAP.Size=2097152
MMTAppReg6.MEMORYMAP.StartAddress=0x08000000
MMTAppRegionsCount=6
MMTConfigApplied=false
Mcu.CPN=STM32H743XIH6
Mcu.Family=STM32H7
Mcu.IP0=CORTEX_M7
Mcu.IP1=CRC
Mcu.IP10=NVIC
Mcu.IP11=RCC
Mcu.IP12=RNG
Mcu.IP13=RTC
Mcu.IP14=SYS
Mcu.IP15=UART5
Mcu.IP16=USART6
Mcu.IP2=DEBUG
Mcu.IP3=DMA
Mcu.IP4=DMA2D
Mcu.IP5=FDCAN1
Mcu.IP6=FMC
Mcu.IP7=FREERTOS
Mcu.IP8=LTDC
Mcu.IP9=MEMORYMAP
Mcu.IPNb=17
Mcu.Name=STM32H743XIHx
Mcu.Package=TFBGA240
Mcu.Pin0=PK5
Mcu.Pin1=PG10
Mcu.Pin10=PE0
Mcu.Pin11=PK6
Mcu.Pin12=PK3
Mcu.Pin13=PC12
Mcu.Pin14=PA13 (JTMS/SWDIO)
Mcu.Pin15=PB9
Mcu.Pin16=PB8
Mcu.Pin17=PG15
Mcu.Pin18=PK7
Mcu.Pin19=PG14
Mcu.Pin2=PG9
Mcu.Pin20=PJ14
Mcu.Pin21=PJ12
Mcu.Pin22=PD2
Mcu.Pin23=PD0
Mcu.Pin24=PJ13
Mcu.Pin25=PD1
Mcu.Pin26=PG8
Mcu.Pin27=PF2
Mcu.Pin28=PF1
Mcu.Pin29=PF0
Mcu.Pin3=PE1
Mcu.Pin30=PG5
Mcu.Pin31=PI12
Mcu.Pin32=PI13
Mcu.Pin33=PI14
Mcu.Pin34=PF3
Mcu.Pin35=PG4
Mcu.Pin36=PG2
Mcu.Pin37=PK2
Mcu.Pin38=PH1-OSC_OUT (PH1)
Mcu.Pin39=PH0-OSC_IN (PH0)
Mcu.Pin4=PK4
Mcu.Pin40=PF5
Mcu.Pin41=PF4
Mcu.Pin42=PK1
Mcu.Pin43=PC0
Mcu.Pin44=PJ9
Mcu.Pin45=PH2
Mcu.Pin46=PJ0
Mcu.Pin47=PE10
Mcu.Pin48=PJ8
Mcu.Pin49=PJ7
Mcu.Pin5=PJ15
Mcu.Pin50=PJ6
Mcu.Pin51=PH3
Mcu.Pin52=PH4
Mcu.Pin53=PI15
Mcu.Pin54=PJ1
Mcu.Pin55=PF13
Mcu.Pin56=PF14
Mcu.Pin57=PE9
Mcu.Pin58=PE11
Mcu.Pin59=PD15
Mcu.Pin6=PA14 (JTCK/SWCLK)
Mcu.Pin60=PD14
Mcu.Pin61=PF12
Mcu.Pin62=PF15
Mcu.Pin63=PE12
Mcu.Pin64=PE15
Mcu.Pin65=PJ5
Mcu.Pin66=PJ2
Mcu.Pin67=PF11
Mcu.Pin68=PG0
Mcu.Pin69=PE8
Mcu.Pin7=PH15
Mcu.Pin70=PE13
Mcu.Pin71=PD10
Mcu.Pin72=PD9
Mcu.Pin73=PJ3
Mcu.Pin74=PJ4
Mcu.Pin75=PG1
Mcu.Pin76=PE7
Mcu.Pin77=PE14
Mcu.Pin78=PD8
Mcu.Pin79=VP_CRC_VS_CRC
Mcu.Pin8=PC15-OSC32_OUT (OSC32_OUT)
Mcu.Pin80=VP_DMA2D_VS_DMA2D
Mcu.Pin81=VP_FREERTOS_VS_CMSIS_V1
Mcu.Pin82=VP_RNG_VS_RNG
Mcu.Pin83=VP_RTC_VS_RTC_Activate
Mcu.Pin84=VP_SYS_VS_tim1
Mcu.Pin85=VP_MEMORYMAP_VS_MEMORYMAP
Mcu.Pin86=VP_STMicroelectronics.X-CUBE-ALGOBUILD_VS_DSPOoLibraryJjLibrary_1.4.0_1.4.0
Mcu.Pin9=PC14-OSC32_IN (OSC32_IN)
Mcu.PinsNb=87
Mcu.ThirdParty0=STMicroelectronics.X-CUBE-ALGOBUILD.1.4.0
Mcu.ThirdPartyNb=1
Mcu.UserConstants=
Mcu.UserName=STM32H743XIHx
MxCube.Version=6.12.0
MxDb.Version=DB.6.0.120
NVIC.BusFault_IRQn=true\:0\:0\:false\:false\:true\:false\:false\:false\:false
NVIC.DMA1_Stream0_IRQn=true\:5\:0\:false\:false\:true\:true\:false\:true\:true
NVIC.DebugMonitor_IRQn=true\:0\:0\:false\:false\:true\:false\:false\:false\:false
NVIC.FDCAN1_IT0_IRQn=true\:5\:0\:false\:false\:true\:true\:true\:true\:true
NVIC.FDCAN1_IT1_IRQn=true\:5\:0\:false\:false\:true\:true\:true\:true\:true
NVIC.ForceEnableDMAVector=true
NVIC.HardFault_IRQn=true\:0\:0\:false\:false\:true\:false\:false\:false\:false
NVIC.MemoryManagement_IRQn=true\:0\:0\:false\:false\:true\:false\:false\:false\:false
NVIC.NonMaskableInt_IRQn=true\:0\:0\:false\:false\:true\:false\:false\:false\:false
NVIC.PendSV_IRQn=true\:15\:0\:false\:false\:false\:true\:false\:false\:false
NVIC.PriorityGroup=NVIC_PRIORITYGROUP_4
NVIC.SVCall_IRQn=true\:0\:0\:false\:false\:false\:false\:false\:false\:false
NVIC.SavedPendsvIrqHandlerGenerated=true
NVIC.SavedSvcallIrqHandlerGenerated=true
NVIC.SavedSystickIrqHandlerGenerated=true
NVIC.SysTick_IRQn=true\:15\:0\:true\:false\:false\:true\:false\:true\:false
NVIC.TIM1_UP_IRQn=true\:15\:0\:true\:false\:true\:false\:false\:true\:true
NVIC.TimeBase=TIM1_UP_IRQn
NVIC.TimeBaseIP=TIM1
NVIC.UART5_IRQn=true\:6\:0\:true\:false\:true\:true\:true\:true\:true
NVIC.USART6_IRQn=true\:6\:0\:true\:false\:true\:true\:true\:true\:true
NVIC.UsageFault_IRQn=true\:0\:0\:false\:false\:true\:false\:false\:false\:false
PA13\ (JTMS/SWDIO).Mode=Serial_Wire
PA13\ (JTMS/SWDIO).Signal=DEBUG_JTMS-SWDIO
PA14\ (JTCK/SWCLK).Mode=Serial_Wire
PA14\ (JTCK/SWCLK).Signal=DEBUG_JTCK-SWCLK
PB8.GPIOParameters=GPIO_Speed
PB8.GPIO_Speed=GPIO_SPEED_FREQ_VERY_HIGH
PB8.Locked=true
PB8.Mode=FDCAN_Activate
PB8.Signal=FDCAN1_RX
PB9.GPIOParameters=GPIO_Speed
PB9.GPIO_Speed=GPIO_SPEED_FREQ_VERY_HIGH
PB9.Locked=true
PB9.Mode=FDCAN_Activate
PB9.Signal=FDCAN1_TX
PC0.Signal=FMC_SDNWE
PC12.GPIOParameters=GPIO_Speed,GPIO_Label
PC12.GPIO_Label=MP3_UART5_TX
PC12.GPIO_Speed=GPIO_SPEED_FREQ_HIGH
PC12.Locked=true
PC12.Mode=Asynchronous
PC12.Signal=UART5_TX
PC14-OSC32_IN\ (OSC32_IN).Mode=LSE-External-Oscillator
PC14-OSC32_IN\ (OSC32_IN).Signal=RCC_OSC32_IN
PC15-OSC32_OUT\ (OSC32_OUT).Mode=LSE-External-Oscillator
PC15-OSC32_OUT\ (OSC32_OUT).Signal=RCC_OSC32_OUT
PD0.Signal=FMC_D2_DA2
PD1.Signal=FMC_D3_DA3
PD10.Signal=FMC_D15_DA15
PD14.Signal=FMC_D0_DA0
PD15.Signal=FMC_D1_DA1
PD2.GPIOParameters=GPIO_Speed,GPIO_Label
PD2.GPIO_Label=MP3_UART5_RX
PD2.GPIO_Speed=GPIO_SPEED_FREQ_HIGH
PD2.Locked=true
PD2.Mode=Asynchronous
PD2.Signal=UART5_RX
PD8.GPIOParameters=PinAttribute
PD8.PinAttribute=Free
PD8.Signal=FMC_D13_DA13
PD9.Signal=FMC_D14_DA14
PE0.Signal=FMC_NBL0
PE1.Signal=FMC_NBL1
PE10.Signal=FMC_D7_DA7
PE11.Signal=FMC_D8_DA8
PE12.Signal=FMC_D9_DA9
PE13.Signal=FMC_D10_DA10
PE14.GPIOParameters=PinAttribute
PE14.PinAttribute=Free
PE14.Signal=FMC_D11_DA11
PE15.Signal=FMC_D12_DA12
PE7.GPIOParameters=PinAttribute
PE7.PinAttribute=Free
PE7.Signal=FMC_D4_DA4
PE8.Signal=FMC_D5_DA5
PE9.Signal=FMC_D6_DA6
PF0.Signal=FMC_A0
PF1.Signal=FMC_A1
PF11.Signal=FMC_SDNRAS
PF12.Signal=FMC_A6
PF13.Signal=FMC_A7
PF14.Signal=FMC_A8
PF15.Signal=FMC_A9
PF2.Signal=FMC_A2
PF3.Signal=FMC_A3
PF4.Signal=FMC_A4
PF5.Signal=FMC_A5
PG0.Signal=FMC_A10
PG1.GPIOParameters=PinAttribute
PG1.PinAttribute=Free
PG1.Signal=FMC_A11
PG10.GPIOParameters=GPIO_Speed
PG10.GPIO_Speed=GPIO_SPEED_FREQ_VERY_HIGH
PG10.Locked=true
PG10.Mode=RGB888
PG10.Signal=LTDC_G3
PG14.GPIOParameters=GPIO_ModeDefaultPP,GPIO_Speed,GPIO_PuPd,GPIO_Label
PG14.GPIO_Label=BLUETOOTH_TX
PG14.GPIO_ModeDefaultPP=GPIO_MODE_AF_PP
PG14.GPIO_PuPd=GPIO_NOPULL
PG14.GPIO_Speed=GPIO_SPEED_FREQ_MEDIUM
PG14.Mode=Asynchronous
PG14.Signal=USART6_TX
PG15.Signal=FMC_SDNCAS
PG2.Signal=FMC_A12
PG4.Signal=FMC_A14_BA0
PG5.Signal=FMC_A15_BA1
PG8.Signal=FMC_SDCLK
PG9.GPIOParameters=GPIO_ModeDefaultPP,GPIO_Speed,GPIO_PuPd,GPIO_Label
PG9.GPIO_Label=BLUETOOTH_RX
PG9.GPIO_ModeDefaultPP=GPIO_MODE_AF_OD
PG9.GPIO_PuPd=GPIO_NOPULL
PG9.GPIO_Speed=GPIO_SPEED_FREQ_HIGH
PG9.Mode=Asynchronous
PG9.Signal=USART6_RX
PH0-OSC_IN\ (PH0).Mode=HSE-External-Oscillator
PH0-OSC_IN\ (PH0).Signal=RCC_OSC_IN
PH1-OSC_OUT\ (PH1).Mode=HSE-External-Oscillator
PH1-OSC_OUT\ (PH1).Signal=RCC_OSC_OUT
PH15.GPIOParameters=GPIO_Speed
PH15.GPIO_Speed=GPIO_SPEED_FREQ_VERY_HIGH
PH15.Locked=true
PH15.Mode=RGB888
PH15.Signal=LTDC_G4
PH2.Mode=SdramChipSelect1_1
PH2.Signal=FMC_SDCKE0
PH3.Mode=SdramChipSelect1_1
PH3.Signal=FMC_SDNE0
PH4.GPIOParameters=GPIO_Speed
PH4.GPIO_Speed=GPIO_SPEED_FREQ_VERY_HIGH
PH4.Locked=true
PH4.Mode=RGB888
PH4.Signal=LTDC_G5
PI12.GPIOParameters=GPIO_Speed
PI12.GPIO_Speed=GPIO_SPEED_FREQ_VERY_HIGH
PI12.Locked=true
PI12.Mode=RGB888
PI12.Signal=LTDC_HSYNC
PI13.GPIOParameters=GPIO_Speed
PI13.GPIO_Speed=GPIO_SPEED_FREQ_VERY_HIGH
PI13.Locked=true
PI13.Mode=RGB888
PI13.Signal=LTDC_VSYNC
PI14.GPIOParameters=GPIO_Speed
PI14.GPIO_Speed=GPIO_SPEED_FREQ_VERY_HIGH
PI14.Locked=true
PI14.Mode=RGB888
PI14.Signal=LTDC_CLK
PI15.GPIOParameters=GPIO_Speed
PI15.GPIO_Speed=GPIO_SPEED_FREQ_VERY_HIGH
PI15.Mode=RGB888
PI15.Signal=LTDC_R0
PJ0.GPIOParameters=GPIO_Speed
PJ0.GPIO_Speed=GPIO_SPEED_FREQ_VERY_HIGH
PJ0.Mode=RGB888
PJ0.Signal=LTDC_R1
PJ1.GPIOParameters=GPIO_Speed
PJ1.GPIO_Speed=GPIO_SPEED_FREQ_VERY_HIGH
PJ1.Locked=true
PJ1.Mode=RGB888
PJ1.Signal=LTDC_R2
PJ12.GPIOParameters=GPIO_Speed
PJ12.GPIO_Speed=GPIO_SPEED_FREQ_VERY_HIGH
PJ12.Locked=true
PJ12.Mode=RGB888
PJ12.Signal=LTDC_B0
PJ13.GPIOParameters=GPIO_Speed
PJ13.GPIO_Speed=GPIO_SPEED_FREQ_VERY_HIGH
PJ13.Mode=RGB888
PJ13.Signal=LTDC_B1
PJ14.GPIOParameters=GPIO_Speed
PJ14.GPIO_Speed=GPIO_SPEED_FREQ_VERY_HIGH
PJ14.Locked=true
PJ14.Mode=RGB888
PJ14.Signal=LTDC_B2
PJ15.GPIOParameters=GPIO_Speed
PJ15.GPIO_Speed=GPIO_SPEED_FREQ_VERY_HIGH
PJ15.Mode=RGB888
PJ15.Signal=LTDC_B3
PJ2.GPIOParameters=GPIO_Speed
PJ2.GPIO_Speed=GPIO_SPEED_FREQ_VERY_HIGH
PJ2.Locked=true
PJ2.Mode=RGB888
PJ2.Signal=LTDC_R3
PJ3.GPIOParameters=GPIO_Speed
PJ3.GPIO_Speed=GPIO_SPEED_FREQ_VERY_HIGH
PJ3.Locked=true
PJ3.Mode=RGB888
PJ3.Signal=LTDC_R4
PJ4.GPIOParameters=GPIO_Speed
PJ4.GPIO_Speed=GPIO_SPEED_FREQ_VERY_HIGH
PJ4.Locked=true
PJ4.Mode=RGB888
PJ4.Signal=LTDC_R5
PJ5.GPIOParameters=GPIO_Speed
PJ5.GPIO_Speed=GPIO_SPEED_FREQ_VERY_HIGH
PJ5.Locked=true
PJ5.Mode=RGB888
PJ5.Signal=LTDC_R6
PJ6.GPIOParameters=GPIO_Speed
PJ6.GPIO_Speed=GPIO_SPEED_FREQ_VERY_HIGH
PJ6.Locked=true
PJ6.Mode=RGB888
PJ6.Signal=LTDC_R7
PJ7.GPIOParameters=GPIO_Speed
PJ7.GPIO_Speed=GPIO_SPEED_FREQ_VERY_HIGH
PJ7.Locked=true
PJ7.Mode=RGB888
PJ7.Signal=LTDC_G0
PJ8.GPIOParameters=GPIO_Speed
PJ8.GPIO_Speed=GPIO_SPEED_FREQ_VERY_HIGH
PJ8.Locked=true
PJ8.Mode=RGB888
PJ8.Signal=LTDC_G1
PJ9.GPIOParameters=GPIO_Speed
PJ9.GPIO_Speed=GPIO_SPEED_FREQ_VERY_HIGH
PJ9.Locked=true
PJ9.Mode=RGB888
PJ9.Signal=LTDC_G2
PK1.GPIOParameters=GPIO_Speed
PK1.GPIO_Speed=GPIO_SPEED_FREQ_VERY_HIGH
PK1.Mode=RGB888
PK1.Signal=LTDC_G6
PK2.GPIOParameters=GPIO_Speed
PK2.GPIO_Speed=GPIO_SPEED_FREQ_VERY_HIGH
PK2.Locked=true
PK2.Mode=RGB888
PK2.Signal=LTDC_G7
PK3.GPIOParameters=GPIO_Speed
PK3.GPIO_Speed=GPIO_SPEED_FREQ_VERY_HIGH
PK3.Locked=true
PK3.Mode=RGB888
PK3.Signal=LTDC_B4
PK4.GPIOParameters=GPIO_Speed
PK4.GPIO_Speed=GPIO_SPEED_FREQ_VERY_HIGH
PK4.Locked=true
PK4.Mode=RGB888
PK4.Signal=LTDC_B5
PK5.GPIOParameters=GPIO_Speed
PK5.GPIO_Speed=GPIO_SPEED_FREQ_VERY_HIGH
PK5.Locked=true
PK5.Mode=RGB888
PK5.Signal=LTDC_B6
PK6.GPIOParameters=GPIO_Speed
PK6.GPIO_Speed=GPIO_SPEED_FREQ_VERY_HIGH
PK6.Locked=true
PK6.Mode=RGB888
PK6.Signal=LTDC_B7
PK7.GPIOParameters=GPIO_Speed
PK7.GPIO_Speed=GPIO_SPEED_FREQ_VERY_HIGH
PK7.Locked=true
PK7.Mode=RGB888
PK7.Signal=LTDC_DE
PinOutPanel.CurrentBGAView=Top
PinOutPanel.RotationAngle=0
ProjectManager.AskForMigrate=true
ProjectManager.BackupPrevious=false
ProjectManager.CompilerOptimize=6
ProjectManager.ComputerToolchain=false
ProjectManager.CoupleFile=true
ProjectManager.CustomerFirmwarePackage=
ProjectManager.DefaultFWLocation=true
ProjectManager.DeletePrevious=true
ProjectManager.DeviceId=STM32H743XIHx
ProjectManager.FirmwarePackage=STM32Cube FW_H7 V1.11.2
ProjectManager.FreePins=true
ProjectManager.HalAssertFull=false
ProjectManager.HeapSize=0x2000
ProjectManager.KeepUserCode=true
ProjectManager.LastFirmware=true
ProjectManager.LibraryCopy=1
ProjectManager.MainLocation=Core/Src
ProjectManager.NoMain=false
ProjectManager.PreviousToolchain=
ProjectManager.ProjectBuild=false
ProjectManager.ProjectFileName=Irrigation_framework.ioc
ProjectManager.ProjectName=Irrigation_framework
ProjectManager.ProjectStructure=
ProjectManager.RegisterCallBack=
ProjectManager.StackSize=0x4000
ProjectManager.TargetToolchain=Makefile
ProjectManager.ToolChainLocation=
ProjectManager.UAScriptAfterPath=
ProjectManager.UAScriptBeforePath=
ProjectManager.UnderRoot=false
ProjectManager.functionlistsort=1-SystemClock_Config-RCC-false-HAL-false,2-MX_GPIO_Init-GPIO-false-HAL-true,3-MX_DMA_Init-DMA-false-HAL-true,4-MX_UART5_Init-UART5-false-HAL-true,5-MX_CRC_Init-CRC-false-HAL-true,6-MX_FDCAN1_Init-FDCAN1-false-HAL-true,7-MX_RNG_Init-RNG-false-HAL-true,8-MX_RTC_Init-RTC-false-HAL-true,9-MX_FMC_Init-FMC-false-HAL-true,10-MX_LTDC_Init-LTDC-false-HAL-true,11-MX_USART6_UART_Init-USART6-false-HAL-true,12-MX_DMA2D_Init-DMA2D-false-HAL-true,0-MX_CORTEX_M7_Init-CORTEX_M7-false-HAL-true
RCC.ADCFreq_Value=50390625
RCC.AHB12Freq_Value=240000000
RCC.AHB4Freq_Value=240000000
RCC.APB1Freq_Value=120000000
RCC.APB2Freq_Value=120000000
RCC.APB3Freq_Value=120000000
RCC.APB4Freq_Value=120000000
RCC.AXIClockFreq_Value=240000000
RCC.CECFreq_Value=32000
RCC.CKPERFreq_Value=64000000
RCC.CortexFreq_Value=480000000
RCC.CpuClockFreq_Value=480000000
RCC.D1CPREFreq_Value=480000000
RCC.D1PPRE=RCC_APB3_DIV2
RCC.D2PPRE1=RCC_APB1_DIV2
RCC.D2PPRE2=RCC_APB2_DIV2
RCC.D3PPRE=RCC_APB4_DIV2
RCC.DFSDMACLkFreq_Value=480000000
RCC.DFSDMFreq_Value=120000000
RCC.DIVM1=5
RCC.DIVM3=25
RCC.DIVN1=192
RCC.DIVN3=330
RCC.DIVP1Freq_Value=480000000
RCC.DIVP2Freq_Value=50390625
RCC.DIVP3Freq_Value=165000000
RCC.DIVQ1Freq_Value=480000000
RCC.DIVQ2Freq_Value=50390625
RCC.DIVQ3Freq_Value=165000000
RCC.DIVR1Freq_Value=480000000
RCC.DIVR2Freq_Value=50390625
RCC.DIVR3=10
RCC.DIVR3Freq_Value=33000000
RCC.FDCANCLockSelection=RCC_FDCANCLKSOURCE_HSE
RCC.FDCANFreq_Value=25000000
RCC.FMCFreq_Value=240000000
RCC.FamilyName=M
RCC.HCLK3ClockFreq_Value=240000000
RCC.HCLKFreq_Value=240000000
RCC.HPRE=RCC_HCLK_DIV2
RCC.HRTIMFreq_Value=240000000
RCC.I2C123Freq_Value=120000000
RCC.I2C4Freq_Value=120000000
RCC.IPParameters=ADCFreq_Value,AHB12Freq_Value,AHB4Freq_Value,APB1Freq_Value,APB2Freq_Value,APB3Freq_Value,APB4Freq_Value,AXIClockFreq_Value,CECFreq_Value,CKPERFreq_Value,CortexFreq_Value,CpuClockFreq_Value,D1CPREFreq_Value,D1PPRE,D2PPRE1,D2PPRE2,D3PPRE,DFSDMACLkFreq_Value,DFSDMFreq_Value,DIVM1,DIVM3,DIVN1,DIVN3,DIVP1Freq_Value,DIVP2Freq_Value,DIVP3Freq_Value,DIVQ1Freq_Value,DIVQ2Freq_Value,DIVQ3Freq_Value,DIVR1Freq_Value,DIVR2Freq_Value,DIVR3,DIVR3Freq_Value,FDCANCLockSelection,FDCANFreq_Value,FMCFreq_Value,FamilyName,HCLK3ClockFreq_Value,HCLKFreq_Value,HPRE,HRTIMFreq_Value,I2C123Freq_Value,I2C4Freq_Value,LPTIM1Freq_Value,LPTIM2Freq_Value,LPTIM345Freq_Value,LPUART1Freq_Value,LTDCFreq_Value,MCO1PinFreq_Value,MCO2PinFreq_Value,PLL2FRACN,PLL3FRACN,PLLFRACN,PLLSourceVirtual,QSPIFreq_Value,RNGFreq_Value,RTCFreq_Value,SAI1Freq_Value,SAI23Freq_Value,SAI4AFreq_Value,SAI4BFreq_Value,SDMMCFreq_Value,SPDIFRXFreq_Value,SPI123Freq_Value,SPI45Freq_Value,SPI6Freq_Value,SWPMI1Freq_Value,SYSCLKFreq_VALUE,SYSCLKSource,Tim1OutputFreq_Value,Tim2OutputFreq_Value,TraceFreq_Value,USART16Freq_Value,USART234578Freq_Value,USBFreq_Value,VCO1OutputFreq_Value,VCO2OutputFreq_Value,VCO3OutputFreq_Value,VCOInput1Freq_Value,VCOInput2Freq_Value,VCOInput3Freq_Value
RCC.LPTIM1Freq_Value=120000000
RCC.LPTIM2Freq_Value=120000000
RCC.LPTIM345Freq_Value=120000000
RCC.LPUART1Freq_Value=120000000
RCC.LTDCFreq_Value=33000000
RCC.MCO1PinFreq_Value=64000000
RCC.MCO2PinFreq_Value=480000000
RCC.PLL2FRACN=0
RCC.PLL3FRACN=0
RCC.PLLFRACN=0
RCC.PLLSourceVirtual=RCC_PLLSOURCE_HSE
RCC.QSPIFreq_Value=240000000
RCC.RNGFreq_Value=48000000
RCC.RTCFreq_Value=32000
RCC.SAI1Freq_Value=480000000
RCC.SAI23Freq_Value=480000000
RCC.SAI4AFreq_Value=480000000
RCC.SAI4BFreq_Value=480000000
RCC.SDMMCFreq_Value=480000000
RCC.SPDIFRXFreq_Value=480000000
RCC.SPI123Freq_Value=480000000
RCC.SPI45Freq_Value=120000000
RCC.SPI6Freq_Value=120000000
RCC.SWPMI1Freq_Value=120000000
RCC.SYSCLKFreq_VALUE=480000000
RCC.SYSCLKSource=RCC_SYSCLKSOURCE_PLLCLK
RCC.Tim1OutputFreq_Value=240000000
RCC.Tim2OutputFreq_Value=240000000
RCC.TraceFreq_Value=480000000
RCC.USART16Freq_Value=120000000
RCC.USART234578Freq_Value=120000000
RCC.USBFreq_Value=480000000
RCC.VCO1OutputFreq_Value=960000000
RCC.VCO2OutputFreq_Value=100781250
RCC.VCO3OutputFreq_Value=330000000
RCC.VCOInput1Freq_Value=5000000
RCC.VCOInput2Freq_Value=781250
RCC.VCOInput3Freq_Value=1000000
SH.FMC_A0.0=FMC_A0,13b-sda1
SH.FMC_A0.ConfNb=1
SH.FMC_A1.0=FMC_A1,13b-sda1
SH.FMC_A1.ConfNb=1
SH.FMC_A10.0=FMC_A10,13b-sda1
SH.FMC_A10.ConfNb=1
SH.FMC_A11.0=FMC_A11,13b-sda1
SH.FMC_A11.ConfNb=1
SH.FMC_A12.0=FMC_A12,13b-sda1
SH.FMC_A12.ConfNb=1
SH.FMC_A14_BA0.0=FMC_BA0,FourSdramBanks1
SH.FMC_A14_BA0.ConfNb=1
SH.FMC_A15_BA1.0=FMC_BA1,FourSdramBanks1
SH.FMC_A15_BA1.ConfNb=1
SH.FMC_A2.0=FMC_A2,13b-sda1
SH.FMC_A2.ConfNb=1
SH.FMC_A3.0=FMC_A3,13b-sda1
SH.FMC_A3.ConfNb=1
SH.FMC_A4.0=FMC_A4,13b-sda1
SH.FMC_A4.ConfNb=1
SH.FMC_A5.0=FMC_A5,13b-sda1
SH.FMC_A5.ConfNb=1
SH.FMC_A6.0=FMC_A6,13b-sda1
SH.FMC_A6.ConfNb=1
SH.FMC_A7.0=FMC_A7,13b-sda1
SH.FMC_A7.ConfNb=1
SH.FMC_A8.0=FMC_A8,13b-sda1
SH.FMC_A8.ConfNb=1
SH.FMC_A9.0=FMC_A9,13b-sda1
SH.FMC_A9.ConfNb=1
SH.FMC_D0_DA0.0=FMC_D0,sd-16b-d1
SH.FMC_D0_DA0.ConfNb=1
SH.FMC_D10_DA10.0=FMC_D10,sd-16b-d1
SH.FMC_D10_DA10.ConfNb=1
SH.FMC_D11_DA11.0=FMC_D11,sd-16b-d1
SH.FMC_D11_DA11.ConfNb=1
SH.FMC_D12_DA12.0=FMC_D12,sd-16b-d1
SH.FMC_D12_DA12.ConfNb=1
SH.FMC_D13_DA13.0=FMC_D13,sd-16b-d1
SH.FMC_D13_DA13.ConfNb=1
SH.FMC_D14_DA14.0=FMC_D14,sd-16b-d1
SH.FMC_D14_DA14.ConfNb=1
SH.FMC_D15_DA15.0=FMC_D15,sd-16b-d1
SH.FMC_D15_DA15.ConfNb=1
SH.FMC_D1_DA1.0=FMC_D1,sd-16b-d1
SH.FMC_D1_DA1.ConfNb=1
SH.FMC_D2_DA2.0=FMC_D2,sd-16b-d1
SH.FMC_D2_DA2.ConfNb=1
SH.FMC_D3_DA3.0=FMC_D3,sd-16b-d1
SH.FMC_D3_DA3.ConfNb=1
SH.FMC_D4_DA4.0=FMC_D4,sd-16b-d1
SH.FMC_D4_DA4.ConfNb=1
SH.FMC_D5_DA5.0=FMC_D5,sd-16b-d1
SH.FMC_D5_DA5.ConfNb=1
SH.FMC_D6_DA6.0=FMC_D6,sd-16b-d1
SH.FMC_D6_DA6.ConfNb=1
SH.FMC_D7_DA7.0=FMC_D7,sd-16b-d1
SH.FMC_D7_DA7.ConfNb=1
SH.FMC_D8_DA8.0=FMC_D8,sd-16b-d1
SH.FMC_D8_DA8.ConfNb=1
SH.FMC_D9_DA9.0=FMC_D9,sd-16b-d1
SH.FMC_D9_DA9.ConfNb=1
SH.FMC_NBL0.0=FMC_NBL0,Sd2ByteEnable1
SH.FMC_NBL0.ConfNb=1
SH.FMC_NBL1.0=FMC_NBL1,Sd2ByteEnable1
SH.FMC_NBL1.ConfNb=1
SH.FMC_SDCLK.0=FMC_SDCLK,13b-sda1
SH.FMC_SDCLK.ConfNb=1
SH.FMC_SDNCAS.0=FMC_SDNCAS,13b-sda1
SH.FMC_SDNCAS.ConfNb=1
SH.FMC_SDNRAS.0=FMC_SDNRAS,13b-sda1
SH.FMC_SDNRAS.ConfNb=1
SH.FMC_SDNWE.0=FMC_SDNWE,13b-sda1
SH.FMC_SDNWE.ConfNb=1
STMicroelectronics.X-CUBE-ALGOBUILD.1.4.0.DSPOoLibraryJjLibrary_Checked=true
STMicroelectronics.X-CUBE-ALGOBUILD.1.4.0.IPParameters=LibraryCcDSPOoLibraryJjDSPOoLibrary
STMicroelectronics.X-CUBE-ALGOBUILD.1.4.0.LibraryCcDSPOoLibraryJjDSPOoLibrary=true
STMicroelectronics.X-CUBE-ALGOBUILD.1.4.0_SwParameter=LibraryCcDSPOoLibraryJjDSPOoLibrary\:true;
UART5.BaudRate=9600
UART5.IPParameters=BaudRate,Mode
UART5.Mode=MODE_TX
USART6.BaudRate=115200
USART6.IPParameters=VirtualMode-Asynchronous,BaudRate,Mode
USART6.Mode=MODE_RX
USART6.VirtualMode-Asynchronous=VM_ASYNC
VP_CRC_VS_CRC.Mode=CRC_Activate
VP_CRC_VS_CRC.Signal=CRC_VS_CRC
VP_DMA2D_VS_DMA2D.Mode=DMA2D_Activate
VP_DMA2D_VS_DMA2D.Signal=DMA2D_VS_DMA2D
VP_FREERTOS_VS_CMSIS_V1.Mode=CMSIS_V1
VP_FREERTOS_VS_CMSIS_V1.Signal=FREERTOS_VS_CMSIS_V1
VP_MEMORYMAP_VS_MEMORYMAP.Mode=CurAppReg
VP_MEMORYMAP_VS_MEMORYMAP.Signal=MEMORYMAP_VS_MEMORYMAP
VP_RNG_VS_RNG.Mode=RNG_Activate
VP_RNG_VS_RNG.Signal=RNG_VS_RNG
VP_RTC_VS_RTC_Activate.Mode=RTC_Enabled
VP_RTC_VS_RTC_Activate.Signal=RTC_VS_RTC_Activate
VP_STMicroelectronics.X-CUBE-ALGOBUILD_VS_DSPOoLibraryJjLibrary_1.4.0_1.4.0.Mode=DSPOoLibraryJjLibrary
VP_STMicroelectronics.X-CUBE-ALGOBUILD_VS_DSPOoLibraryJjLibrary_1.4.0_1.4.0.Signal=STMicroelectronics.X-CUBE-ALGOBUILD_VS_DSPOoLibraryJjLibrary_1.4.0_1.4.0
VP_SYS_VS_tim1.Mode=TIM1
VP_SYS_VS_tim1.Signal=SYS_VS_tim1
board=custom
rtos.0.ip=FREERTOS
