#MicroXplorer Configuration settings - do not modify
CAD.formats=
CAD.pinconfig=
CAD.provider=
CORTEX_M7.AccessPermission_Spec=MPU_REGION_FULL_ACCESS
CORTEX_M7.BaseAddress_Spec=0x24000000
CORTEX_M7.CPU_DCache=Enabled
CORTEX_M7.CPU_ICache=Enabled
CORTEX_M7.DisableExec_Spec=MPU_INSTRUCTION_ACCESS_ENABLE
CORTEX_M7.Enable_Spec=MPU_REGION_ENABLE
CORTEX_M7.IPParameters=default_mode_Activation,CPU_ICache,CPU_DCache,MPU_Control,BaseAddress_Spec,Size_Spec,SubRegionDisable_Spec,TypeExtField_Spec,AccessPermission_Spec,DisableExec_Spec,IsCacheable_Spec,IsBufferable_Spec,IsShareable_Spec,Enable_Spec
CORTEX_M7.IsBufferable_Spec=MPU_ACCESS_NOT_BUFFERABLE
CORTEX_M7.IsCacheable_Spec=MPU_ACCESS_NOT_CACHEABLE
CORTEX_M7.IsShareable_Spec=MPU_ACCESS_NOT_SHAREABLE
CORTEX_M7.MPU_Control=MPU_PRIVILEGED_DEFAULT
CORTEX_M7.Size_Spec=MPU_REGION_SIZE_4KB
CORTEX_M7.SubRegionDisable_Spec=0x0
CORTEX_M7.TypeExtField_Spec=MPU_TEX_LEVEL1
CORTEX_M7.default_mode_Activation=1
Dma.Request0=USART2_RX
Dma.Request1=USART3_RX
Dma.Request2=UART4_RX
Dma.Request3=UART5_RX
Dma.RequestsNb=4
Dma.UART4_RX.2.Direction=DMA_PERIPH_TO_MEMORY
Dma.UART4_RX.2.EventEnable=DISABLE
Dma.UART4_RX.2.FIFOMode=DMA_FIFOMODE_DISABLE
Dma.UART4_RX.2.Instance=DMA1_Stream3
Dma.UART4_RX.2.MemDataAlignment=DMA_MDATAALIGN_BYTE
Dma.UART4_RX.2.MemInc=DMA_MINC_ENABLE
Dma.UART4_RX.2.Mode=DMA_NORMAL
Dma.UART4_RX.2.PeriphDataAlignment=DMA_PDATAALIGN_BYTE
Dma.UART4_RX.2.PeriphInc=DMA_PINC_DISABLE
Dma.UART4_RX.2.Polarity=HAL_DMAMUX_REQ_GEN_RISING
Dma.UART4_RX.2.Priority=DMA_PRIORITY_MEDIUM
Dma.UART4_RX.2.RequestNumber=1
Dma.UART4_RX.2.RequestParameters=Instance,Direction,PeriphInc,MemInc,PeriphDataAlignment,MemDataAlignment,Mode,Priority,FIFOMode,SignalID,Polarity,RequestNumber,SyncSignalID,SyncPolarity,SyncEnable,EventEnable,SyncRequestNumber
Dma.UART4_RX.2.SignalID=NONE
Dma.UART4_RX.2.SyncEnable=DISABLE
Dma.UART4_RX.2.SyncPolarity=HAL_DMAMUX_SYNC_NO_EVENT
Dma.UART4_RX.2.SyncRequestNumber=1
Dma.UART4_RX.2.SyncSignalID=NONE
Dma.UART5_RX.3.Direction=DMA_PERIPH_TO_MEMORY
Dma.UART5_RX.3.EventEnable=DISABLE
Dma.UART5_RX.3.FIFOMode=DMA_FIFOMODE_DISABLE
Dma.UART5_RX.3.Instance=DMA1_Stream4
Dma.UART5_RX.3.MemDataAlignment=DMA_MDATAALIGN_BYTE
Dma.UART5_RX.3.MemInc=DMA_MINC_ENABLE
Dma.UART5_RX.3.Mode=DMA_NORMAL
Dma.UART5_RX.3.PeriphDataAlignment=DMA_PDATAALIGN_BYTE
Dma.UART5_RX.3.PeriphInc=DMA_PINC_DISABLE
Dma.UART5_RX.3.Polarity=HAL_DMAMUX_REQ_GEN_RISING
Dma.UART5_RX.3.Priority=DMA_PRIORITY_HIGH
Dma.UART5_RX.3.RequestNumber=1
Dma.UART5_RX.3.RequestParameters=Instance,Direction,PeriphInc,MemInc,PeriphDataAlignment,MemDataAlignment,Mode,Priority,FIFOMode,SignalID,Polarity,RequestNumber,SyncSignalID,SyncPolarity,SyncEnable,EventEnable,SyncRequestNumber
Dma.UART5_RX.3.SignalID=NONE
Dma.UART5_RX.3.SyncEnable=DISABLE
Dma.UART5_RX.3.SyncPolarity=HAL_DMAMUX_SYNC_NO_EVENT
Dma.UART5_RX.3.SyncRequestNumber=1
Dma.UART5_RX.3.SyncSignalID=NONE
Dma.USART2_RX.0.Direction=DMA_PERIPH_TO_MEMORY
Dma.USART2_RX.0.EventEnable=DISABLE
Dma.USART2_RX.0.FIFOMode=DMA_FIFOMODE_DISABLE
Dma.USART2_RX.0.Instance=DMA1_Stream1
Dma.USART2_RX.0.MemDataAlignment=DMA_MDATAALIGN_BYTE
Dma.USART2_RX.0.MemInc=DMA_MINC_ENABLE
Dma.USART2_RX.0.Mode=DMA_NORMAL
Dma.USART2_RX.0.PeriphDataAlignment=DMA_PDATAALIGN_BYTE
Dma.USART2_RX.0.PeriphInc=DMA_PINC_DISABLE
Dma.USART2_RX.0.Polarity=HAL_DMAMUX_REQ_GEN_RISING
Dma.USART2_RX.0.Priority=DMA_PRIORITY_MEDIUM
Dma.USART2_RX.0.RequestNumber=1
Dma.USART2_RX.0.RequestParameters=Instance,Direction,PeriphInc,MemInc,PeriphDataAlignment,MemDataAlignment,Mode,Priority,FIFOMode,SignalID,Polarity,RequestNumber,SyncSignalID,SyncPolarity,SyncEnable,EventEnable,SyncRequestNumber
Dma.USART2_RX.0.SignalID=NONE
Dma.USART2_RX.0.SyncEnable=DISABLE
Dma.USART2_RX.0.SyncPolarity=HAL_DMAMUX_SYNC_NO_EVENT
Dma.USART2_RX.0.SyncRequestNumber=1
Dma.USART2_RX.0.SyncSignalID=NONE
Dma.USART3_RX.1.Direction=DMA_PERIPH_TO_MEMORY
Dma.USART3_RX.1.EventEnable=DISABLE
Dma.USART3_RX.1.FIFOMode=DMA_FIFOMODE_DISABLE
Dma.USART3_RX.1.Instance=DMA1_Stream2
Dma.USART3_RX.1.MemDataAlignment=DMA_MDATAALIGN_BYTE
Dma.USART3_RX.1.MemInc=DMA_MINC_ENABLE
Dma.USART3_RX.1.Mode=DMA_NORMAL
Dma.USART3_RX.1.PeriphDataAlignment=DMA_PDATAALIGN_BYTE
Dma.USART3_RX.1.PeriphInc=DMA_PINC_DISABLE
Dma.USART3_RX.1.Polarity=HAL_DMAMUX_REQ_GEN_RISING
Dma.USART3_RX.1.Priority=DMA_PRIORITY_HIGH
Dma.USART3_RX.1.RequestNumber=1
Dma.USART3_RX.1.RequestParameters=Instance,Direction,PeriphInc,MemInc,PeriphDataAlignment,MemDataAlignment,Mode,Priority,FIFOMode,SignalID,Polarity,RequestNumber,SyncSignalID,SyncPolarity,SyncEnable,EventEnable,SyncRequestNumber
Dma.USART3_RX.1.SignalID=NONE
Dma.USART3_RX.1.SyncEnable=DISABLE
Dma.USART3_RX.1.SyncPolarity=HAL_DMAMUX_SYNC_NO_EVENT
Dma.USART3_RX.1.SyncRequestNumber=1
Dma.USART3_RX.1.SyncSignalID=NONE
FDCAN1.AutoRetransmission=ENABLE
FDCAN1.CalculateBaudRateNominal=1000000
FDCAN1.CalculateTimeBitNominal=1000
FDCAN1.CalculateTimeQuantumNominal=100.0
FDCAN1.DataPrescaler=12
FDCAN1.DataSyncJumpWidth=2
FDCAN1.DataTimeSeg1=7
FDCAN1.DataTimeSeg2=2
FDCAN1.IPParameters=CalculateTimeQuantumNominal,CalculateTimeBitNominal,CalculateBaudRateNominal,AutoRetransmission,ProtocolException,NominalSyncJumpWidth,DataPrescaler,DataSyncJumpWidth,DataTimeSeg1,DataTimeSeg2,RxFifo0ElmtsNbr,TxFifoQueueElmtsNbr,NominalPrescaler,NominalTimeSeg1,StdFiltersNbr
FDCAN1.NominalPrescaler=12
FDCAN1.NominalSyncJumpWidth=2
FDCAN1.NominalTimeSeg1=7
FDCAN1.ProtocolException=ENABLE
FDCAN1.RxFifo0ElmtsNbr=32
FDCAN1.StdFiltersNbr=1
FDCAN1.TxFifoQueueElmtsNbr=16
FDCAN2.AutoRetransmission=ENABLE
FDCAN2.CalculateBaudRateNominal=500000
FDCAN2.CalculateTimeBitNominal=2000
FDCAN2.CalculateTimeQuantumNominal=200.0
FDCAN2.DataPrescaler=12
FDCAN2.DataSyncJumpWidth=2
FDCAN2.DataTimeSeg1=7
FDCAN2.DataTimeSeg2=2
FDCAN2.IPParameters=CalculateTimeQuantumNominal,CalculateTimeBitNominal,CalculateBaudRateNominal,AutoRetransmission,ProtocolException,NominalSyncJumpWidth,DataPrescaler,DataSyncJumpWidth,DataTimeSeg1,DataTimeSeg2,StdFiltersNbr,RxFifo0ElmtsNbr,TxFifoQueueElmtsNbr,NominalTimeSeg1,NominalPrescaler
FDCAN2.NominalPrescaler=24
FDCAN2.NominalSyncJumpWidth=2
FDCAN2.NominalTimeSeg1=7
FDCAN2.ProtocolException=ENABLE
FDCAN2.RxFifo0ElmtsNbr=32
FDCAN2.StdFiltersNbr=1
FDCAN2.TxFifoQueueElmtsNbr=16
FREERTOS.INCLUDE_uxTaskGetStackHighWaterMark=1
FREERTOS.IPParameters=Tasks01,configENABLE_FPU,configUSE_TIMERS,INCLUDE_uxTaskGetStackHighWaterMark,configCHECK_FOR_STACK_OVERFLOW,configTOTAL_HEAP_SIZE,configUSE_MALLOC_FAILED_HOOK
FREERTOS.Tasks01=defaultTask,0,128,StartDefaultTask,Default,NULL,Dynamic,NULL,NULL
FREERTOS.configCHECK_FOR_STACK_OVERFLOW=2
FREERTOS.configENABLE_FPU=1
FREERTOS.configTOTAL_HEAP_SIZE=40960
FREERTOS.configUSE_MALLOC_FAILED_HOOK=0
FREERTOS.configUSE_TIMERS=1
File.Version=6
GPIO.groupedBy=Group By Peripherals
KeepUserPlacement=false
MMTAppReg1.MEMORYMAP.AppRegionName=DTCMRAM
MMTAppReg1.MEMORYMAP.ContextName=Cortex-M7NS
MMTAppReg1.MEMORYMAP.CoreName=ARM Cortex-M7
MMTAppReg1.MEMORYMAP.IPParameters=StartAddress,Size,CoreName,ContextName,Name
MMTAppReg1.MEMORYMAP.Name=DTCMRAM
MMTAppReg1.MEMORYMAP.Size=131072
MMTAppReg1.MEMORYMAP.StartAddress=0x20000000
MMTAppReg2.MEMORYMAP.AppRegionName=RAM
MMTAppReg2.MEMORYMAP.Cacheability=NonCacheable
MMTAppReg2.MEMORYMAP.ContextName=Cortex-M7NS
MMTAppReg2.MEMORYMAP.CoreName=ARM Cortex-M7
MMTAppReg2.MEMORYMAP.DefaultDataRegion=true
MMTAppReg2.MEMORYMAP.IPParameters=StartAddress,Size,CoreName,ContextName,Name,DefaultDataRegion,Cacheability
MMTAppReg2.MEMORYMAP.Name=RAM
MMTAppReg2.MEMORYMAP.Size=524288
MMTAppReg2.MEMORYMAP.StartAddress=0x24000000
MMTAppReg3.MEMORYMAP.AppRegionName=RAM_D2
MMTAppReg3.MEMORYMAP.ContextName=Cortex-M7NS
MMTAppReg3.MEMORYMAP.CoreName=ARM Cortex-M7
MMTAppReg3.MEMORYMAP.IPParameters=StartAddress,Size,CoreName,ContextName,Name
MMTAppReg3.MEMORYMAP.Name=RAM_D2
MMTAppReg3.MEMORYMAP.Size=294912
MMTAppReg3.MEMORYMAP.StartAddress=0x30000000
MMTAppReg4.MEMORYMAP.AppRegionName=RAM_D3
MMTAppReg4.MEMORYMAP.ContextName=Cortex-M7NS
MMTAppReg4.MEMORYMAP.CoreName=ARM Cortex-M7
MMTAppReg4.MEMORYMAP.IPParameters=StartAddress,Size,CoreName,ContextName,Name
MMTAppReg4.MEMORYMAP.Name=RAM_D3
MMTAppReg4.MEMORYMAP.Size=65536
MMTAppReg4.MEMORYMAP.StartAddress=0x38000000
MMTAppReg5.MEMORYMAP.AppRegionName=ITCMRAM
MMTAppReg5.MEMORYMAP.Cacheability=WTRA
MMTAppReg5.MEMORYMAP.ContextName=Cortex-M7NS
MMTAppReg5.MEMORYMAP.CoreName=ARM Cortex-M7
MMTAppReg5.MEMORYMAP.IPParameters=StartAddress,Size,CoreName,ContextName,Name,Cacheability
MMTAppReg5.MEMORYMAP.Name=ITCMRAM
MMTAppReg5.MEMORYMAP.Size=65536
MMTAppReg5.MEMORYMAP.StartAddress=0x00000000
MMTAppReg6.MEMORYMAP.AP=RO_priv_only
MMTAppReg6.MEMORYMAP.AppRegionName=FLASH
MMTAppReg6.MEMORYMAP.Cacheability=WTRA
MMTAppReg6.MEMORYMAP.ContextName=Cortex-M7NS
MMTAppReg6.MEMORYMAP.CoreName=ARM Cortex-M7
MMTAppReg6.MEMORYMAP.DefaultCodeRegion=true
MMTAppReg6.MEMORYMAP.IPParameters=StartAddress,Size,CoreName,MemType,ContextName,Name,AP,Cacheability,DefaultCodeRegion,ISRRegion,RootBootRegion
MMTAppReg6.MEMORYMAP.ISRRegion=true
MMTAppReg6.MEMORYMAP.MemType=ROM
MMTAppReg6.MEMORYMAP.Name=FLASH
MMTAppReg6.MEMORYMAP.RootBootRegion=true
MMTAppReg6.MEMORYMAP.Size=2097152
MMTAppReg6.MEMORYMAP.StartAddress=0x08000000
MMTAppRegionsCount=6
MMTConfigApplied=false
Mcu.CPN=STM32H743XIH6
Mcu.Family=STM32H7
Mcu.IP0=CORTEX_M7
Mcu.IP1=CRC
Mcu.IP10=RNG
Mcu.IP11=RTC
Mcu.IP12=SYS
Mcu.IP13=TIM8
Mcu.IP14=TIM13
Mcu.IP15=TIM14
Mcu.IP16=UART4
Mcu.IP17=UART5
Mcu.IP18=USART2
Mcu.IP19=USART3
Mcu.IP2=DEBUG
Mcu.IP3=DMA
Mcu.IP4=FDCAN1
Mcu.IP5=FDCAN2
Mcu.IP6=FREERTOS
Mcu.IP7=MEMORYMAP
Mcu.IP8=NVIC
Mcu.IP9=RCC
Mcu.IPNb=20
Mcu.Name=STM32H743XIHx
Mcu.Package=TFBGA240
Mcu.Pin0=PI6
Mcu.Pin1=PI5
Mcu.Pin10=PD3
Mcu.Pin11=PC11
Mcu.Pin12=PA14 (JTCK/SWCLK)
Mcu.Pin13=PC15-OSC32_OUT (OSC32_OUT)
Mcu.Pin14=PC14-OSC32_IN (OSC32_IN)
Mcu.Pin15=PB3 (JTDO/TRACESWO)
Mcu.Pin16=PD7
Mcu.Pin17=PC12
Mcu.Pin18=PI3
Mcu.Pin19=PA13 (JTMS/SWDIO)
Mcu.Pin2=PI4
Mcu.Pin20=PB9
Mcu.Pin21=PB8
Mcu.Pin22=PD2
Mcu.Pin23=PI9
Mcu.Pin24=PI8
Mcu.Pin25=PH1-OSC_OUT (PH1)
Mcu.Pin26=PH0-OSC_IN (PH0)
Mcu.Pin27=PC1
Mcu.Pin28=PC2
Mcu.Pin29=PC3
Mcu.Pin3=PB5
Mcu.Pin30=PA2
Mcu.Pin31=PB10
Mcu.Pin32=PB11
Mcu.Pin33=PA6
Mcu.Pin34=PA7
Mcu.Pin35=PB2
Mcu.Pin36=PC4
Mcu.Pin37=PB15
Mcu.Pin38=PA3
Mcu.Pin39=PC5
Mcu.Pin4=PD5
Mcu.Pin40=PB14
Mcu.Pin41=VP_CRC_VS_CRC
Mcu.Pin42=VP_FREERTOS_VS_CMSIS_V1
Mcu.Pin43=VP_RNG_VS_RNG
Mcu.Pin44=VP_RTC_VS_RTC_Activate
Mcu.Pin45=VP_SYS_VS_tim1
Mcu.Pin46=VP_TIM13_VS_ClockSourceINT
Mcu.Pin47=VP_TIM14_VS_ClockSourceINT
Mcu.Pin48=VP_MEMORYMAP_VS_MEMORYMAP
Mcu.Pin49=VP_STMicroelectronics.X-CUBE-ALGOBUILD_VS_DSPOoLibraryJjLibrary_1.4.0_1.4.0
Mcu.Pin5=PD4
Mcu.Pin6=PC10
Mcu.Pin7=PI7
Mcu.Pin8=PB6
Mcu.Pin9=PD6
Mcu.PinsNb=50
Mcu.ThirdParty0=STMicroelectronics.X-CUBE-ALGOBUILD.1.4.0
Mcu.ThirdPartyNb=1
Mcu.UserConstants=
Mcu.UserName=STM32H743XIHx
MxCube.Version=6.12.0
MxDb.Version=DB.6.0.120
NVIC.BusFault_IRQn=true\:0\:0\:false\:false\:true\:false\:false\:false\:false
NVIC.DMA1_Stream1_IRQn=true\:5\:0\:false\:false\:true\:true\:false\:true\:true
NVIC.DMA1_Stream2_IRQn=true\:5\:0\:false\:false\:true\:true\:false\:true\:true
NVIC.DMA1_Stream3_IRQn=true\:5\:0\:false\:false\:true\:true\:false\:true\:true
NVIC.DMA1_Stream4_IRQn=true\:5\:0\:false\:false\:true\:true\:false\:true\:true
NVIC.DebugMonitor_IRQn=true\:0\:0\:false\:false\:true\:false\:false\:false\:false
NVIC.EXTI3_IRQn=true\:5\:0\:true\:false\:true\:true\:true\:true\:true
NVIC.EXTI4_IRQn=true\:5\:0\:true\:false\:true\:true\:true\:true\:true
NVIC.FDCAN1_IT0_IRQn=true\:6\:0\:true\:false\:true\:true\:true\:true\:true
NVIC.FDCAN1_IT1_IRQn=true\:6\:0\:true\:false\:true\:true\:true\:true\:true
NVIC.ForceEnableDMAVector=true
NVIC.HardFault_IRQn=true\:0\:0\:false\:false\:true\:false\:false\:false\:false
NVIC.MemoryManagement_IRQn=true\:0\:0\:false\:false\:true\:false\:false\:false\:false
NVIC.NonMaskableInt_IRQn=true\:0\:0\:false\:false\:true\:false\:false\:false\:false
NVIC.PendSV_IRQn=true\:15\:0\:false\:false\:false\:true\:false\:false\:false
NVIC.PriorityGroup=NVIC_PRIORITYGROUP_4
NVIC.SVCall_IRQn=true\:0\:0\:false\:false\:false\:false\:false\:false\:false
NVIC.SavedPendsvIrqHandlerGenerated=true
NVIC.SavedSvcallIrqHandlerGenerated=true
NVIC.SavedSystickIrqHandlerGenerated=true
NVIC.SysTick_IRQn=true\:15\:0\:true\:false\:false\:true\:false\:true\:false
NVIC.TIM1_UP_IRQn=true\:15\:0\:true\:false\:true\:false\:false\:true\:true
NVIC.TimeBase=TIM1_UP_IRQn
NVIC.TimeBaseIP=TIM1
NVIC.UART4_IRQn=true\:6\:0\:true\:false\:true\:true\:true\:true\:true
NVIC.UART5_IRQn=true\:6\:0\:true\:false\:true\:true\:true\:true\:true
NVIC.USART2_IRQn=true\:6\:0\:true\:false\:true\:true\:true\:true\:true
NVIC.USART3_IRQn=true\:6\:0\:true\:false\:true\:true\:true\:true\:true
NVIC.UsageFault_IRQn=true\:0\:0\:false\:false\:true\:false\:false\:false\:false
PA13\ (JTMS/SWDIO).Mode=Serial_Wire
PA13\ (JTMS/SWDIO).Signal=DEBUG_JTMS-SWDIO
PA14\ (JTCK/SWCLK).Mode=Serial_Wire
PA14\ (JTCK/SWCLK).Signal=DEBUG_JTCK-SWCLK
PA2.GPIOParameters=GPIO_Label
PA2.GPIO_Label=LLD_USART2_TX
PA2.Locked=true
PA2.Mode=Asynchronous
PA2.Signal=USART2_TX
PA3.GPIOParameters=GPIO_Label
PA3.GPIO_Label=LLD_USART2_RX
PA3.Locked=true
PA3.Mode=Asynchronous
PA3.Signal=USART2_RX
PA6.GPIOParameters=GPIO_Speed,GPIO_PuPd,GPIO_Label
PA6.GPIO_Label=PITCH_TIM
PA6.GPIO_PuPd=GPIO_PULLDOWN
PA6.GPIO_Speed=GPIO_SPEED_FREQ_HIGH
PA6.Locked=true
PA6.Signal=S_TIM13_CH1
PA7.GPIOParameters=GPIO_Speed,GPIO_PuPd,GPIO_Label
PA7.GPIO_Label=YAW_TIM
PA7.GPIO_PuPd=GPIO_PULLUP
PA7.GPIO_Speed=GPIO_SPEED_FREQ_HIGH
PA7.Locked=true
PA7.Signal=S_TIM14_CH1
PB10.GPIOParameters=GPIO_Label
PB10.GPIO_Label=MV_USART3_TX
PB10.Locked=true
PB10.Mode=Asynchronous
PB10.Signal=USART3_TX
PB11.GPIOParameters=GPIO_Label
PB11.GPIO_Label=MV_USART3_RX
PB11.Locked=true
PB11.Mode=Asynchronous
PB11.Signal=USART3_RX
PB14.GPIOParameters=GPIO_PuPd,GPIO_Label
PB14.GPIO_Label=GRAY2_GPIO
PB14.GPIO_PuPd=GPIO_PULLUP
PB14.Locked=true
PB14.Signal=GPIO_Input
PB15.GPIOParameters=GPIO_PuPd,GPIO_Label
PB15.GPIO_Label=GRAY3_GPIO
PB15.GPIO_PuPd=GPIO_PULLUP
PB15.Locked=true
PB15.Signal=GPIO_Input
PB2.GPIOParameters=GPIO_PuPd,GPIO_Label
PB2.GPIO_Label=GRAY0_GPIO
PB2.GPIO_PuPd=GPIO_PULLUP
PB2.Locked=true
PB2.Signal=GPIO_Input
PB3\ (JTDO/TRACESWO).GPIOParameters=GPIO_PuPd,GPIO_Label
PB3\ (JTDO/TRACESWO).GPIO_Label=GRAY1_GPIO
PB3\ (JTDO/TRACESWO).GPIO_PuPd=GPIO_PULLUP
PB3\ (JTDO/TRACESWO).Locked=true
PB3\ (JTDO/TRACESWO).Signal=GPIO_Input
PB5.Mode=FDCAN_Activate
PB5.Signal=FDCAN2_RX
PB6.Mode=FDCAN_Activate
PB6.Signal=FDCAN2_TX
PB8.GPIOParameters=GPIO_Speed
PB8.GPIO_Speed=GPIO_SPEED_FREQ_HIGH
PB8.Locked=true
PB8.Mode=FDCAN_Activate
PB8.Signal=FDCAN1_RX
PB9.GPIOParameters=GPIO_Speed
PB9.GPIO_Speed=GPIO_SPEED_FREQ_HIGH
PB9.Locked=true
PB9.Mode=FDCAN_Activate
PB9.Signal=FDCAN1_TX
PC1.GPIOParameters=GPIO_PuPd,GPIO_Label
PC1.GPIO_Label=GRAY4_GPIO
PC1.GPIO_PuPd=GPIO_PULLUP
PC1.Locked=true
PC1.Signal=GPIO_Input
PC10.GPIOParameters=GPIO_Label
PC10.GPIO_Label=RLD_UART4_TX
PC10.Locked=true
PC10.Mode=Asynchronous
PC10.Signal=UART4_TX
PC11.GPIOParameters=GPIO_Label
PC11.GPIO_Label=RLD_UART4_RX
PC11.Locked=true
PC11.Mode=Asynchronous
PC11.Signal=UART4_RX
PC12.GPIOParameters=GPIO_Label
PC12.GPIO_Label=GYRO_UART5_TX
PC12.Locked=true
PC12.Mode=Asynchronous
PC12.Signal=UART5_TX
PC14-OSC32_IN\ (OSC32_IN).Mode=LSE-External-Oscillator
PC14-OSC32_IN\ (OSC32_IN).Signal=RCC_OSC32_IN
PC15-OSC32_OUT\ (OSC32_OUT).Mode=LSE-External-Oscillator
PC15-OSC32_OUT\ (OSC32_OUT).Signal=RCC_OSC32_OUT
PC2.GPIOParameters=GPIO_PuPd,GPIO_Label
PC2.GPIO_Label=GRAY5_GPIO
PC2.GPIO_PuPd=GPIO_PULLUP
PC2.Locked=true
PC2.Signal=GPIO_Input
PC3.GPIOParameters=GPIO_PuPd,GPIO_Label
PC3.GPIO_Label=GRAY6_GPIO
PC3.GPIO_PuPd=GPIO_PULLUP
PC3.Locked=true
PC3.Signal=GPIO_Input
PC4.GPIOParameters=GPIO_PuPd,GPIO_Label
PC4.GPIO_Label=GRAY7_GPIO
PC4.GPIO_PuPd=GPIO_PULLUP
PC4.Locked=true
PC4.Signal=GPIO_Input
PC5.GPIOParameters=GPIO_PuPd,GPIO_Label
PC5.GPIO_Label=GRAY8_GPIO
PC5.GPIO_PuPd=GPIO_PULLUP
PC5.Locked=true
PC5.Signal=GPIO_Input
PD2.GPIOParameters=GPIO_Label
PD2.GPIO_Label=GYRO_UART5_RX
PD2.Locked=true
PD2.Mode=Asynchronous
PD2.Signal=UART5_RX
PD3.GPIOParameters=GPIO_PuPd,GPIO_Label
PD3.GPIO_Label=GRAY9_GPIO
PD3.GPIO_PuPd=GPIO_PULLUP
PD3.Locked=true
PD3.Signal=GPIO_Input
PD4.GPIOParameters=GPIO_PuPd,GPIO_Label
PD4.GPIO_Label=GRAY10_GPIO
PD4.GPIO_PuPd=GPIO_PULLUP
PD4.Locked=true
PD4.Signal=GPIO_Input
PD5.GPIOParameters=GPIO_PuPd,GPIO_Label
PD5.GPIO_Label=GRAY11_GPIO
PD5.GPIO_PuPd=GPIO_PULLUP
PD5.Locked=true
PD5.Signal=GPIO_Input
PD6.GPIOParameters=GPIO_PuPd,GPIO_Label
PD6.GPIO_Label=GRAY12_GPIO
PD6.GPIO_PuPd=GPIO_PULLUP
PD6.Locked=true
PD6.Signal=GPIO_Input
PD7.GPIOParameters=GPIO_PuPd,GPIO_Label
PD7.GPIO_Label=GRAY13_GPIO
PD7.GPIO_PuPd=GPIO_PULLUP
PD7.Locked=true
PD7.Signal=GPIO_Input
PH0-OSC_IN\ (PH0).Mode=HSE-External-Oscillator
PH0-OSC_IN\ (PH0).Signal=RCC_OSC_IN
PH1-OSC_OUT\ (PH1).Mode=HSE-External-Oscillator
PH1-OSC_OUT\ (PH1).Signal=RCC_OSC_OUT
PI3.GPIOParameters=GPIO_PuPd,GPIO_Label,GPIO_ModeDefaultEXTI
PI3.GPIO_Label=LEFT_PE
PI3.GPIO_ModeDefaultEXTI=GPIO_MODE_IT_FALLING
PI3.GPIO_PuPd=GPIO_PULLUP
PI3.Locked=true
PI3.Signal=GPXTI3
PI4.GPIOParameters=GPIO_PuPd,GPIO_Label,GPIO_ModeDefaultEXTI
PI4.GPIO_Label=RIGHT_PE
PI4.GPIO_ModeDefaultEXTI=GPIO_MODE_IT_FALLING
PI4.GPIO_PuPd=GPIO_PULLUP
PI4.Locked=true
PI4.Signal=GPXTI4
PI5.GPIOParameters=GPIO_PuPd,GPIO_Label
PI5.GPIO_Label=HEAD_PE
PI5.GPIO_PuPd=GPIO_PULLUP
PI5.Locked=true
PI5.Signal=GPIO_Input
PI6.GPIOParameters=GPIO_Speed,PinState,GPIO_PuPd,GPIO_Label
PI6.GPIO_Label=RELAY_GPIO
PI6.GPIO_PuPd=GPIO_PULLUP
PI6.GPIO_Speed=GPIO_SPEED_FREQ_VERY_HIGH
PI6.Locked=true
PI6.PinState=GPIO_PIN_RESET
PI6.Signal=GPIO_Output
PI7.Signal=S_TIM8_CH3
PI8.GPIOParameters=PinState,GPIO_PuPd,GPIO_Label
PI8.GPIO_Label=MP3_VIRTUAL_UART_TX
PI8.GPIO_PuPd=GPIO_PULLUP
PI8.Locked=true
PI8.PinState=GPIO_PIN_RESET
PI8.Signal=GPIO_Output
PI9.GPIOParameters=GPIO_PuPd,GPIO_Label
PI9.GPIO_Label=MP3_VIRTUAL_UART_RX
PI9.GPIO_PuPd=GPIO_PULLUP
PI9.Locked=true
PI9.Signal=GPIO_Input
PinOutPanel.CurrentBGAView=Top
PinOutPanel.RotationAngle=0
ProjectManager.AskForMigrate=true
ProjectManager.BackupPrevious=false
ProjectManager.CompilerOptimize=6
ProjectManager.ComputerToolchain=false
ProjectManager.CoupleFile=true
ProjectManager.CustomerFirmwarePackage=
ProjectManager.DefaultFWLocation=true
ProjectManager.DeletePrevious=true
ProjectManager.DeviceId=STM32H743XIHx
ProjectManager.FirmwarePackage=STM32Cube FW_H7 V1.11.2
ProjectManager.FreePins=true
ProjectManager.HalAssertFull=false
ProjectManager.HeapSize=0x2000
ProjectManager.KeepUserCode=true
ProjectManager.LastFirmware=true
ProjectManager.LibraryCopy=1
ProjectManager.MainLocation=Core/Src
ProjectManager.NoMain=false
ProjectManager.PreviousToolchain=
ProjectManager.ProjectBuild=false
ProjectManager.ProjectFileName=Irrigation_framework.ioc
ProjectManager.ProjectName=Irrigation_framework
ProjectManager.ProjectStructure=
ProjectManager.RegisterCallBack=
ProjectManager.StackSize=0x4000
ProjectManager.TargetToolchain=Makefile
ProjectManager.ToolChainLocation=
ProjectManager.UAScriptAfterPath=
ProjectManager.UAScriptBeforePath=
ProjectManager.UnderRoot=false
ProjectManager.functionlistsort=1-SystemClock_Config-RCC-false-HAL-false,2-MX_GPIO_Init-GPIO-false-HAL-true,3-MX_DMA_Init-DMA-false-HAL-true,4-MX_USART2_UART_Init-USART2-false-HAL-true,5-MX_USART3_UART_Init-USART3-false-HAL-true,6-MX_UART4_Init-UART4-false-HAL-true,7-MX_UART5_Init-UART5-false-HAL-true,8-MX_TIM13_Init-TIM13-false-HAL-true,9-MX_TIM14_Init-TIM14-false-HAL-true,10-MX_CRC_Init-CRC-false-HAL-true,11-MX_FDCAN1_Init-FDCAN1-false-HAL-true,12-MX_RNG_Init-RNG-false-HAL-true,13-MX_RTC_Init-RTC-false-HAL-true,14-MX_TIM8_Init-TIM8-false-HAL-true,0-MX_CORTEX_M7_Init-CORTEX_M7-false-HAL-true
RCC.ADCFreq_Value=129000000
RCC.AHB12Freq_Value=240000000
RCC.AHB4Freq_Value=240000000
RCC.APB1Freq_Value=120000000
RCC.APB2Freq_Value=120000000
RCC.APB3Freq_Value=120000000
RCC.APB4Freq_Value=120000000
RCC.AXIClockFreq_Value=240000000
RCC.CECFreq_Value=32000
RCC.CKPERFreq_Value=64000000
RCC.CortexFreq_Value=480000000
RCC.CpuClockFreq_Value=480000000
RCC.D1CPREFreq_Value=480000000
RCC.D1PPRE=RCC_APB3_DIV2
RCC.D2PPRE1=RCC_APB1_DIV2
RCC.D2PPRE2=RCC_APB2_DIV2
RCC.D3PPRE=RCC_APB4_DIV2
RCC.DFSDMACLkFreq_Value=120000000
RCC.DFSDMFreq_Value=120000000
RCC.DIVM1=4
RCC.DIVN1=60
RCC.DIVP1Freq_Value=480000000
RCC.DIVP2Freq_Value=129000000
RCC.DIVP3Freq_Value=129000000
RCC.DIVQ1=8
RCC.DIVQ1Freq_Value=120000000
RCC.DIVQ2Freq_Value=129000000
RCC.DIVQ3Freq_Value=129000000
RCC.DIVR1Freq_Value=480000000
RCC.DIVR2Freq_Value=129000000
RCC.DIVR3Freq_Value=129000000
RCC.FDCANFreq_Value=120000000
RCC.FMCFreq_Value=240000000
RCC.FamilyName=M
RCC.HCLK3ClockFreq_Value=240000000
RCC.HCLKFreq_Value=240000000
RCC.HPRE=RCC_HCLK_DIV2
RCC.HRTIMFreq_Value=240000000
RCC.I2C123Freq_Value=120000000
RCC.I2C4Freq_Value=120000000
RCC.IPParameters=ADCFreq_Value,AHB12Freq_Value,AHB4Freq_Value,APB1Freq_Value,APB2Freq_Value,APB3Freq_Value,APB4Freq_Value,AXIClockFreq_Value,CECFreq_Value,CKPERFreq_Value,CortexFreq_Value,CpuClockFreq_Value,D1CPREFreq_Value,D1PPRE,D2PPRE1,D2PPRE2,D3PPRE,DFSDMACLkFreq_Value,DFSDMFreq_Value,DIVM1,DIVN1,DIVP1Freq_Value,DIVP2Freq_Value,DIVP3Freq_Value,DIVQ1,DIVQ1Freq_Value,DIVQ2Freq_Value,DIVQ3Freq_Value,DIVR1Freq_Value,DIVR2Freq_Value,DIVR3Freq_Value,FDCANFreq_Value,FMCFreq_Value,FamilyName,HCLK3ClockFreq_Value,HCLKFreq_Value,HPRE,HRTIMFreq_Value,I2C123Freq_Value,I2C4Freq_Value,LPTIM1Freq_Value,LPTIM2Freq_Value,LPTIM345Freq_Value,LPUART1Freq_Value,LTDCFreq_Value,MCO1PinFreq_Value,MCO2PinFreq_Value,PLL2FRACN,PLL3FRACN,PLLFRACN,QSPIFreq_Value,RNGFreq_Value,RTCFreq_Value,SAI1Freq_Value,SAI23Freq_Value,SAI4AFreq_Value,SAI4BFreq_Value,SDMMCFreq_Value,SPDIFRXFreq_Value,SPI123Freq_Value,SPI45Freq_Value,SPI6Freq_Value,SWPMI1Freq_Value,SYSCLKFreq_VALUE,SYSCLKSource,Tim1OutputFreq_Value,Tim2OutputFreq_Value,TraceFreq_Value,USART16Freq_Value,USART234578Freq_Value,USBFreq_Value,VCO1OutputFreq_Value,VCO2OutputFreq_Value,VCO3OutputFreq_Value,VCOInput1Freq_Value,VCOInput2Freq_Value,VCOInput3Freq_Value
RCC.LPTIM1Freq_Value=120000000
RCC.LPTIM2Freq_Value=120000000
RCC.LPTIM345Freq_Value=120000000
RCC.LPUART1Freq_Value=120000000
RCC.LTDCFreq_Value=129000000
RCC.MCO1PinFreq_Value=64000000
RCC.MCO2PinFreq_Value=480000000
RCC.PLL2FRACN=0
RCC.PLL3FRACN=0
RCC.PLLFRACN=0
RCC.QSPIFreq_Value=240000000
RCC.RNGFreq_Value=48000000
RCC.RTCFreq_Value=32000
RCC.SAI1Freq_Value=120000000
RCC.SAI23Freq_Value=120000000
RCC.SAI4AFreq_Value=120000000
RCC.SAI4BFreq_Value=120000000
RCC.SDMMCFreq_Value=120000000
RCC.SPDIFRXFreq_Value=120000000
RCC.SPI123Freq_Value=120000000
RCC.SPI45Freq_Value=120000000
RCC.SPI6Freq_Value=120000000
RCC.SWPMI1Freq_Value=120000000
RCC.SYSCLKFreq_VALUE=480000000
RCC.SYSCLKSource=RCC_SYSCLKSOURCE_PLLCLK
RCC.Tim1OutputFreq_Value=240000000
RCC.Tim2OutputFreq_Value=240000000
RCC.TraceFreq_Value=480000000
RCC.USART16Freq_Value=120000000
RCC.USART234578Freq_Value=120000000
RCC.USBFreq_Value=120000000
RCC.VCO1OutputFreq_Value=960000000
RCC.VCO2OutputFreq_Value=258000000
RCC.VCO3OutputFreq_Value=258000000
RCC.VCOInput1Freq_Value=16000000
RCC.VCOInput2Freq_Value=2000000
RCC.VCOInput3Freq_Value=2000000
SH.GPXTI3.0=GPIO_EXTI3
SH.GPXTI3.ConfNb=1
SH.GPXTI4.0=GPIO_EXTI4
SH.GPXTI4.ConfNb=1
SH.S_TIM13_CH1.0=TIM13_CH1,PWM Generation1 CH1
SH.S_TIM13_CH1.ConfNb=1
SH.S_TIM14_CH1.0=TIM14_CH1,PWM Generation1 CH1
SH.S_TIM14_CH1.ConfNb=1
SH.S_TIM8_CH3.0=TIM8_CH3,PWM Generation3 CH3
SH.S_TIM8_CH3.ConfNb=1
STMicroelectronics.X-CUBE-ALGOBUILD.1.4.0.DSPOoLibraryJjLibrary_Checked=true
STMicroelectronics.X-CUBE-ALGOBUILD.1.4.0.IPParameters=LibraryCcDSPOoLibraryJjDSPOoLibrary
STMicroelectronics.X-CUBE-ALGOBUILD.1.4.0.LibraryCcDSPOoLibraryJjDSPOoLibrary=true
STMicroelectronics.X-CUBE-ALGOBUILD.1.4.0_SwParameter=LibraryCcDSPOoLibraryJjDSPOoLibrary\:true;
TIM13.AutoReloadPreload=TIM_AUTORELOAD_PRELOAD_ENABLE
TIM13.Channel=TIM_CHANNEL_1
TIM13.IPParameters=Prescaler,Period,AutoReloadPreload,Channel
TIM13.Period=19999
TIM13.Prescaler=239
TIM14.AutoReloadPreload=TIM_AUTORELOAD_PRELOAD_ENABLE
TIM14.Channel=TIM_CHANNEL_1
TIM14.IPParameters=Channel,Prescaler,Period,AutoReloadPreload
TIM14.Period=19999
TIM14.Prescaler=239
TIM8.Channel-PWM\ Generation3\ CH3=TIM_CHANNEL_3
TIM8.IPParameters=Channel-PWM Generation3 CH3,Prescaler
TIM8.Prescaler=479
UART5.BaudRate=921600
UART5.IPParameters=BaudRate
USART2.IPParameters=VirtualMode-Asynchronous
USART2.VirtualMode-Asynchronous=VM_ASYNC
USART3.BaudRate=115200
USART3.IPParameters=VirtualMode-Asynchronous,BaudRate
USART3.VirtualMode-Asynchronous=VM_ASYNC
VP_CRC_VS_CRC.Mode=CRC_Activate
VP_CRC_VS_CRC.Signal=CRC_VS_CRC
VP_FREERTOS_VS_CMSIS_V1.Mode=CMSIS_V1
VP_FREERTOS_VS_CMSIS_V1.Signal=FREERTOS_VS_CMSIS_V1
VP_MEMORYMAP_VS_MEMORYMAP.Mode=CurAppReg
VP_MEMORYMAP_VS_MEMORYMAP.Signal=MEMORYMAP_VS_MEMORYMAP
VP_RNG_VS_RNG.Mode=RNG_Activate
VP_RNG_VS_RNG.Signal=RNG_VS_RNG
VP_RTC_VS_RTC_Activate.Mode=RTC_Enabled
VP_RTC_VS_RTC_Activate.Signal=RTC_VS_RTC_Activate
VP_STMicroelectronics.X-CUBE-ALGOBUILD_VS_DSPOoLibraryJjLibrary_1.4.0_1.4.0.Mode=DSPOoLibraryJjLibrary
VP_STMicroelectronics.X-CUBE-ALGOBUILD_VS_DSPOoLibraryJjLibrary_1.4.0_1.4.0.Signal=STMicroelectronics.X-CUBE-ALGOBUILD_VS_DSPOoLibraryJjLibrary_1.4.0_1.4.0
VP_SYS_VS_tim1.Mode=TIM1
VP_SYS_VS_tim1.Signal=SYS_VS_tim1
VP_TIM13_VS_ClockSourceINT.Mode=Enable_Timer
VP_TIM13_VS_ClockSourceINT.Signal=TIM13_VS_ClockSourceINT
VP_TIM14_VS_ClockSourceINT.Mode=Enable_Timer
VP_TIM14_VS_ClockSourceINT.Signal=TIM14_VS_ClockSourceINT
board=custom
rtos.0.ip=FREERTOS
